{
  "name": "simple-env-project",
  "version": "1.0.0",
  "lockfileVersion": 2,
  "dependencies": {
    "express": {
      "version": "4.17.1",
      "resolved": "https://registry.npmjs.org/express/-/express-4.17.1.tgz",
      "integrity": "sha512-w6gAmYmDs5bQHm6QXpFSRplCT5UMfq0cU8nZoE0OopCk23V4VQUf2kQwZrxaE1js4VeeuX3ph5aDqs8rEnr3Lw=="
    },
    "dotenv": {
      "version": "10.0.0",
      "resolved": "https://registry.npmjs.org/dotenv/-/dotenv-10.0.0.tgz",
      "integrity": "sha512-0X0GhU0b7R5hgf++HzxKwqv94zNhwZm3YXRP7/K4uZQw72D5cZYOBsbA5hH6+2hSMvJ+jvV3FohkKvPkpCkbyw=="
    }
  }
}
